<?xml version="1.0" encoding="utf-8"?>
<Project ToolsVersion="4.0" xmlns="http://schemas.microsoft.com/developer/msbuild/2003">
  <ItemGroup>
    <Filter Include="Header Files">
      <UniqueIdentifier>{d1e40941-cc61-4154-8c66-e8beb8f5a539}</UniqueIdentifier>
    </Filter>
    <Filter Include="Source Files">
      <UniqueIdentifier>{8f389e7d-4bac-4916-8b11-2e35ff1cd496}</UniqueIdentifier>
    </Filter>
    <Filter Include="Resource Files">
      <UniqueIdentifier>{96d8c55a-cf11-4976-85e4-00860f8753af}</UniqueIdentifier>
    </Filter>
    <Filter Include="Resource Files\Windows">
      <UniqueIdentifier>{ba4b9af2-430a-424a-968e-21464dbb7a0d}</UniqueIdentifier>
    </Filter>
    <Filter Include="Source Files\Windows">
      <UniqueIdentifier>{42965195-b523-4e8b-a7fd-a25087503125}</UniqueIdentifier>
    </Filter>
  </ItemGroup>
  <ItemGroup>
    <Image Include="$(MSBuildThisFileDirectory)..\Code\Windows\Application.ico">
      <Filter>Resource Files\Windows</Filter>
    </Image>
  </ItemGroup>
  <ItemGroup>
    <ResourceCompile Include="$(MSBuildThisFileDirectory)..\Code\Windows\Application.rc">
      <Filter>Resource Files\Windows</Filter>
    </ResourceCompile>
  </ItemGroup>
  <ItemGroup>
    <ClCompile Include="$(MSBuildThisFileDirectory)..\Code\Windows\Main.cpp">
      <Filter>Source Files\Windows</Filter>
    </ClCompile>
    <ClCompile Include="$(MSBuildThisFileDirectory)..\Code\MainScene.cpp">
      <Filter>Source Files</Filter>
    </ClCompile>
  </ItemGroup>
  <ItemGroup>
    <ClInclude Include="$(MSBuildThisFileDirectory)..\Code\Windows\Resource.h">
      <Filter>Source Files\Windows</Filter>
    </ClInclude>
    <ClInclude Include="$(MSBuildThisFileDirectory)..\Code\Windows\targetver.h">
      <Filter>Source Files\Windows</Filter>
    </ClInclude>
    <ClInclude Include="$(MSBuildThisFileDirectory)..\Code\MainScene.h">
      <Filter>Source Files</Filter>
    </ClInclude>
    <ClInclude Include="$(MSBuildThisFileDirectory)..\Code\Test1.h">
      <Filter>Source Files</Filter>
    </ClInclude>
  </ItemGroup>
</Project>